// !$*UTF8*$!
{
	archiveVersion = 1;
	classes = {
	};
	objectVersion = 46;
	objects = {

/* Begin PBXBuildFile section */
		7E8DC15F19071C2700760BAB /* Default.png in Resources */ = {isa = PBXBuildFile; fileRef = 7E8DC15D19071C2700760BAB /* Default.png */; };
		7E8DC16019071C2700760BAB /* Default@2x.png in Resources */ = {isa = PBXBuildFile; fileRef = 7E8DC15E19071C2700760BAB /* Default@2x.png */; };
		88AE8639190710690038E589 /* Foundation.framework in Frameworks */ = {isa = PBXBuildFile; fileRef = 88AE8638190710690038E589 /* Foundation.framework */; };
		88AE863B190710690038E589 /* CoreGraphics.framework in Frameworks */ = {isa = PBXBuildFile; fileRef = 88AE863A190710690038E589 /* CoreGraphics.framework */; };
		88AE863D190710690038E589 /* UIKit.framework in Frameworks */ = {isa = PBXBuildFile; fileRef = 88AE863C190710690038E589 /* UIKit.framework */; };
		88AE8643190710690038E589 /* InfoPlist.strings in Resources */ = {isa = PBXBuildFile; fileRef = 88AE8641190710690038E589 /* InfoPlist.strings */; };
		88AE8645190710690038E589 /* main.m in Sources */ = {isa = PBXBuildFile; fileRef = 88AE8644190710690038E589 /* main.m */; };
		88AE8649190710690038E589 /* AppDelegate.m in Sources */ = {isa = PBXBuildFile; fileRef = 88AE8648190710690038E589 /* AppDelegate.m */; };
		88AE864B190710690038E589 /* Images.xcassets in Resources */ = {isa = PBXBuildFile; fileRef = 88AE864A190710690038E589 /* Images.xcassets */; };
		88AE8652190710690038E589 /* XCTest.framework in Frameworks */ = {isa = PBXBuildFile; fileRef = 88AE8651190710690038E589 /* XCTest.framework */; };
		88AE8653190710690038E589 /* Foundation.framework in Frameworks */ = {isa = PBXBuildFile; fileRef = 88AE8638190710690038E589 /* Foundation.framework */; };
		88AE8654190710690038E589 /* UIKit.framework in Frameworks */ = {isa = PBXBuildFile; fileRef = 88AE863C190710690038E589 /* UIKit.framework */; };
		88AE865C190710690038E589 /* InfoPlist.strings in Resources */ = {isa = PBXBuildFile; fileRef = 88AE865A190710690038E589 /* InfoPlist.strings */; };
		88AE865E190710690038E589 /* WMLOGTests.m in Sources */ = {isa = PBXBuildFile; fileRef = 88AE865D190710690038E589 /* WMLOGTests.m */; };
		88AE8668190714680038E589 /* Main.storyboard in Resources */ = {isa = PBXBuildFile; fileRef = 88AE8667190714680038E589 /* Main.storyboard */; };
/* End PBXBuildFile section */

/* Begin PBXContainerItemProxy section */
		88AE8655190710690038E589 /* PBXContainerItemProxy */ = {
			isa = PBXContainerItemProxy;
			containerPortal = 88AE862D190710690038E589 /* Project object */;
			proxyType = 1;
			remoteGlobalIDString = 88AE8634190710690038E589;
			remoteInfo = WMLOG;
		};
/* End PBXContainerItemProxy section */

/* Begin PBXFileReference section */
		7E8DC15D19071C2700760BAB /* Default.png */ = {isa = PBXFileReference; lastKnownFileType = image.png; path = Default.png; sourceTree = "<group>"; };
		7E8DC15E19071C2700760BAB /* Default@2x.png */ = {isa = PBXFileReference; lastKnownFileType = image.png; path = "Default@2x.png"; sourceTree = "<group>"; };
		88AE8635190710690038E589 /* WMLOG.app */ = {isa = PBXFileReference; explicitFileType = wrapper.application; includeInIndex = 0; path = WMLOG.app; sourceTree = BUILT_PRODUCTS_DIR; };
		88AE8638190710690038E589 /* Foundation.framework */ = {isa = PBXFileReference; lastKnownFileType = wrapper.framework; name = Foundation.framework; path = System/Library/Frameworks/Foundation.framework; sourceTree = SDKROOT; };
		88AE863A190710690038E589 /* CoreGraphics.framework */ = {isa = PBXFileReference; lastKnownFileType = wrapper.framework; name = CoreGraphics.framework; path = System/Library/Frameworks/CoreGraphics.framework; sourceTree = SDKROOT; };
		88AE863C190710690038E589 /* UIKit.framework */ = {isa = PBXFileReference; lastKnownFileType = wrapper.framework; name = UIKit.framework; path = System/Library/Frameworks/UIKit.framework; sourceTree = SDKROOT; };
		88AE8640190710690038E589 /* WMLOG-Info.plist */ = {isa = PBXFileReference; lastKnownFileType = text.plist.xml; path = "WMLOG-Info.plist"; sourceTree = "<group>"; };
		88AE8642190710690038E589 /* en */ = {isa = PBXFileReference; lastKnownFileType = text.plist.strings; name = en; path = en.lproj/InfoPlist.strings; sourceTree = "<group>"; };
		88AE8644190710690038E589 /* main.m */ = {isa = PBXFileReference; lastKnownFileType = sourcecode.c.objc; path = main.m; sourceTree = "<group>"; };
		88AE8646190710690038E589 /* WMLOG-Prefix.pch */ = {isa = PBXFileReference; lastKnownFileType = sourcecode.c.h; path = "WMLOG-Prefix.pch"; sourceTree = "<group>"; };
		88AE8647190710690038E589 /* AppDelegate.h */ = {isa = PBXFileReference; lastKnownFileType = sourcecode.c.h; path = AppDelegate.h; sourceTree = "<group>"; };
		88AE8648190710690038E589 /* AppDelegate.m */ = {isa = PBXFileReference; lastKnownFileType = sourcecode.c.objc; path = AppDelegate.m; sourceTree = "<group>"; };
		88AE864A190710690038E589 /* Images.xcassets */ = {isa = PBXFileReference; lastKnownFileType = folder.assetcatalog; path = Images.xcassets; sourceTree = "<group>"; };
		88AE8650190710690038E589 /* WMLOGTests.xctest */ = {isa = PBXFileReference; explicitFileType = wrapper.cfbundle; includeInIndex = 0; path = WMLOGTests.xctest; sourceTree = BUILT_PRODUCTS_DIR; };
		88AE8651190710690038E589 /* XCTest.framework */ = {isa = PBXFileReference; lastKnownFileType = wrapper.framework; name = XCTest.framework; path = Library/Frameworks/XCTest.framework; sourceTree = DEVELOPER_DIR; };
		88AE8659190710690038E589 /* WMLOGTests-Info.plist */ = {isa = PBXFileReference; lastKnownFileType = text.plist.xml; path = "WMLOGTests-Info.plist"; sourceTree = "<group>"; };
		88AE865B190710690038E589 /* en */ = {isa = PBXFileReference; lastKnownFileType = text.plist.strings; name = en; path = en.lproj/InfoPlist.strings; sourceTree = "<group>"; };
		88AE865D190710690038E589 /* WMLOGTests.m */ = {isa = PBXFileReference; lastKnownFileType = sourcecode.c.objc; path = WMLOGTests.m; sourceTree = "<group>"; };
		88AE8667190714680038E589 /* Main.storyboard */ = {isa = PBXFileReference; fileEncoding = 4; lastKnownFileType = file.storyboard; path = Main.storyboard; sourceTree = "<group>"; };
/* End PBXFileReference section */

/* Begin PBXFrameworksBuildPhase section */
		88AE8632190710690038E589 /* Frameworks */ = {
			isa = PBXFrameworksBuildPhase;
			buildActionMask = 2147483647;
			files = (
				88AE863B190710690038E589 /* CoreGraphics.framework in Frameworks */,
				88AE863D190710690038E589 /* UIKit.framework in Frameworks */,
				88AE8639190710690038E589 /* Foundation.framework in Frameworks */,
			);
			runOnlyForDeploymentPostprocessing = 0;
		};
		88AE864D190710690038E589 /* Frameworks */ = {
			isa = PBXFrameworksBuildPhase;
			buildActionMask = 2147483647;
			files = (
				88AE8652190710690038E589 /* XCTest.framework in Frameworks */,
				88AE8654190710690038E589 /* UIKit.framework in Frameworks */,
				88AE8653190710690038E589 /* Foundation.framework in Frameworks */,
			);
			runOnlyForDeploymentPostprocessing = 0;
		};
/* End PBXFrameworksBuildPhase section */

/* Begin PBXGroup section */
		88AE862C190710690038E589 = {
			isa = PBXGroup;
			children = (
				88AE863E190710690038E589 /* WMLOG */,
				88AE8657190710690038E589 /* WMLOGTests */,
				88AE8637190710690038E589 /* Frameworks */,
				88AE8636190710690038E589 /* Products */,
			);
			sourceTree = "<group>";
		};
		88AE8636190710690038E589 /* Products */ = {
			isa = PBXGroup;
			children = (
				88AE8635190710690038E589 /* WMLOG.app */,
				88AE8650190710690038E589 /* WMLOGTests.xctest */,
			);
			name = Products;
			sourceTree = "<group>";
		};
		88AE8637190710690038E589 /* Frameworks */ = {
			isa = PBXGroup;
			children = (
				88AE8638190710690038E589 /* Foundation.framework */,
				88AE863A190710690038E589 /* CoreGraphics.framework */,
				88AE863C190710690038E589 /* UIKit.framework */,
				88AE8651190710690038E589 /* XCTest.framework */,
			);
			name = Frameworks;
			sourceTree = "<group>";
		};
		88AE863E190710690038E589 /* WMLOG */ = {
			isa = PBXGroup;
			children = (
				88AE8647190710690038E589 /* AppDelegate.h */,
				88AE8648190710690038E589 /* AppDelegate.m */,
				88AE864A190710690038E589 /* Images.xcassets */,
				88AE863F190710690038E589 /* Supporting Files */,
				88AE8667190714680038E589 /* Main.storyboard */,
			);
			path = WMLOG;
			sourceTree = "<group>";
		};
		88AE863F190710690038E589 /* Supporting Files */ = {
			isa = PBXGroup;
			children = (
				7E8DC15D19071C2700760BAB /* Default.png */,
				7E8DC15E19071C2700760BAB /* Default@2x.png */,
				88AE8640190710690038E589 /* WMLOG-Info.plist */,
				88AE8641190710690038E589 /* InfoPlist.strings */,
				88AE8644190710690038E589 /* main.m */,
				88AE8646190710690038E589 /* WMLOG-Prefix.pch */,
			);
			name = "Supporting Files";
			sourceTree = "<group>";
		};
		88AE8657190710690038E589 /* WMLOGTests */ = {
			isa = PBXGroup;
			children = (
				88AE865D190710690038E589 /* WMLOGTests.m */,
				88AE8658190710690038E589 /* Supporting Files */,
			);
			path = WMLOGTests;
			sourceTree = "<group>";
		};
		88AE8658190710690038E589 /* Supporting Files */ = {
			isa = PBXGroup;
			children = (
				88AE8659190710690038E589 /* WMLOGTests-Info.plist */,
				88AE865A190710690038E589 /* InfoPlist.strings */,
			);
			name = "Supporting Files";
			sourceTree = "<group>";
		};
/* End PBXGroup section */

/* Begin PBXNativeTarget section */
		88AE8634190710690038E589 /* WMLOG */ = {
			isa = PBXNativeTarget;
			buildConfigurationList = 88AE8661190710690038E589 /* Build configuration list for PBXNativeTarget "WMLOG" */;
			buildPhases = (
				88AE8631190710690038E589 /* Sources */,
				88AE8632190710690038E589 /* Frameworks */,
				88AE8633190710690038E589 /* Resources */,
			);
			buildRules = (
			);
			dependencies = (
			);
			name = WMLOG;
			productName = WMLOG;
			productReference = 88AE8635190710690038E589 /* WMLOG.app */;
			productType = "com.apple.product-type.application";
		};
		88AE864F190710690038E589 /* WMLOGTests */ = {
			isa = PBXNativeTarget;
			buildConfigurationList = 88AE8664190710690038E589 /* Build configuration list for PBXNativeTarget "WMLOGTests" */;
			buildPhases = (
				88AE864C190710690038E589 /* Sources */,
				88AE864D190710690038E589 /* Frameworks */,
				88AE864E190710690038E589 /* Resources */,
			);
			buildRules = (
			);
			dependencies = (
				88AE8656190710690038E589 /* PBXTargetDependency */,
			);
			name = WMLOGTests;
			productName = WMLOGTests;
			productReference = 88AE8650190710690038E589 /* WMLOGTests.xctest */;
			productType = "com.apple.product-type.bundle.unit-test";
		};
/* End PBXNativeTarget section */

/* Begin PBXProject section */
		88AE862D190710690038E589 /* Project object */ = {
			isa = PBXProject;
			attributes = {
				LastUpgradeCheck = 0510;
				ORGANIZATIONNAME = CLICKSOFT;
				TargetAttributes = {
					88AE864F190710690038E589 = {
						TestTargetID = 88AE8634190710690038E589;
					};
				};
			};
			buildConfigurationList = 88AE8630190710690038E589 /* Build configuration list for PBXProject "WMLOG" */;
			compatibilityVersion = "Xcode 3.2";
			developmentRegion = English;
			hasScannedForEncodings = 0;
			knownRegions = (
				en,
			);
			mainGroup = 88AE862C190710690038E589;
			productRefGroup = 88AE8636190710690038E589 /* Products */;
			projectDirPath = "";
			projectRoot = "";
			targets = (
				88AE8634190710690038E589 /* WMLOG */,
				88AE864F190710690038E589 /* WMLOGTests */,
			);
		};
/* End PBXProject section */

/* Begin PBXResourcesBuildPhase section */
		88AE8633190710690038E589 /* Resources */ = {
			isa = PBXResourcesBuildPhase;
			buildActionMask = 2147483647;
			files = (
				88AE8668190714680038E589 /* Main.storyboard in Resources */,
				88AE8643190710690038E589 /* InfoPlist.strings in Resources */,
				7E8DC16019071C2700760BAB /* Default@2x.png in Resources */,
				88AE864B190710690038E589 /* Images.xcassets in Resources */,
				7E8DC15F19071C2700760BAB /* Default.png in Resources */,
			);
			runOnlyForDeploymentPostprocessing = 0;
		};
		88AE864E190710690038E589 /* Resources */ = {
			isa = PBXResourcesBuildPhase;
			buildActionMask = 2147483647;
			files = (
				88AE865C190710690038E589 /* InfoPlist.strings in Resources */,
			);
			runOnlyForDeploymentPostprocessing = 0;
		};
/* End PBXResourcesBuildPhase section */

/* Begin PBXSourcesBuildPhase section */
		88AE8631190710690038E589 /* Sources */ = {
			isa = PBXSourcesBuildPhase;
			buildActionMask = 2147483647;
			files = (
				88AE8649190710690038E589 /* AppDelegate.m in Sources */,
				88AE8645190710690038E589 /* main.m in Sources */,
			);
			runOnlyForDeploymentPostprocessing = 0;
		};
		88AE864C190710690038E589 /* Sources */ = {
			isa = PBXSourcesBuildPhase;
			buildActionMask = 2147483647;
			files = (
				88AE865E190710690038E589 /* WMLOGTests.m in Sources */,
			);
			runOnlyForDeploymentPostprocessing = 0;
		};
/* End PBXSourcesBuildPhase section */

/* Begin PBXTargetDependency section */
		88AE8656190710690038E589 /* PBXTargetDependency */ = {
			isa = PBXTargetDependency;
			target = 88AE8634190710690038E589 /* WMLOG */;
			targetProxy = 88AE8655190710690038E589 /* PBXContainerItemProxy */;
		};
/* End PBXTargetDependency section */

/* Begin PBXVariantGroup section */
		88AE8641190710690038E589 /* InfoPlist.strings */ = {
			isa = PBXVariantGroup;
			children = (
				88AE8642190710690038E589 /* en */,
			);
			name = InfoPlist.strings;
			sourceTree = "<group>";
		};
		88AE865A190710690038E589 /* InfoPlist.strings */ = {
			isa = PBXVariantGroup;
			children = (
				88AE865B190710690038E589 /* en */,
			);
			name = InfoPlist.strings;
			sourceTree = "<group>";
		};
/* End PBXVariantGroup section */

/* Begin XCBuildConfiguration section */
		88AE865F190710690038E589 /* Debug */ = {
			isa = XCBuildConfiguration;
			buildSettings = {
				ALWAYS_SEARCH_USER_PATHS = NO;
				CLANG_CXX_LANGUAGE_STANDARD = "gnu++0x";
				CLANG_CXX_LIBRARY = "libc++";
				CLANG_ENABLE_MODULES = YES;
				CLANG_ENABLE_OBJC_ARC = YES;
				CLANG_WARN_BOOL_CONVERSION = YES;
				CLANG_WARN_CONSTANT_CONVERSION = YES;
				CLANG_WARN_DIRECT_OBJC_ISA_USAGE = YES_ERROR;
				CLANG_WARN_EMPTY_BODY = YES;
				CLANG_WARN_ENUM_CONVERSION = YES;
				CLANG_WARN_INT_CONVERSION = YES;
				CLANG_WARN_OBJC_ROOT_CLASS = YES_ERROR;
				CLANG_WARN__DUPLICATE_METHOD_MATCH = YES;
				"CODE_SIGN_IDENTITY[sdk=iphoneos*]" = "iPhone Developer";
				COPY_PHASE_STRIP = NO;
				GCC_C_LANGUAGE_STANDARD = gnu99;
				GCC_DYNAMIC_NO_PIC = NO;
				GCC_OPTIMIZATION_LEVEL = 0;
				GCC_PREPROCESSOR_DEFINITIONS = (
					"DEBUG=1",
					"$(inherited)",
				);
				GCC_SYMBOLS_PRIVATE_EXTERN = NO;
				GCC_WARN_64_TO_32_BIT_CONVERSION = YES;
				GCC_WARN_ABOUT_RETURN_TYPE = YES_ERROR;
				GCC_WARN_UNDECLARED_SELECTOR = YES;
				GCC_WARN_UNINITIALIZED_AUTOS = YES_AGGRESSIVE;
				GCC_WARN_UNUSED_FUNCTION = YES;
				GCC_WARN_UNUSED_VARIABLE = YES;
				IPHONEOS_DEPLOYMENT_TARGET = 7.1;
				ONLY_ACTIVE_ARCH = YES;
				SDKROOT = iphoneos;
			};
			name = Debug;
		};
		88AE8660190710690038E589 /* Release */ = {
			isa = XCBuildConfiguration;
			buildSettings = {
				ALWAYS_SEARCH_USER_PATHS = NO;
				CLANG_CXX_LANGUAGE_STANDARD = "gnu++0x";
				CLANG_CXX_LIBRARY = "libc++";
				CLANG_ENABLE_MODULES = YES;
				CLANG_ENABLE_OBJC_ARC = YES;
				CLANG_WARN_BOOL_CONVERSION = YES;
				CLANG_WARN_CONSTANT_CONVERSION = YES;
				CLANG_WARN_DIRECT_OBJC_ISA_USAGE = YES_ERROR;
				CLANG_WARN_EMPTY_BODY = YES;
				CLANG_WARN_ENUM_CONVERSION = YES;
				CLANG_WARN_INT_CONVERSION = YES;
				CLANG_WARN_OBJC_ROOT_CLASS = YES_ERROR;
				CLANG_WARN__DUPLICATE_METHOD_MATCH = YES;
				"CODE_SIGN_IDENTITY[sdk=iphoneos*]" = "iPhone Developer";
				COPY_PHASE_STRIP = YES;
				ENABLE_NS_ASSERTIONS = NO;
				GCC_C_LANGUAGE_STANDARD = gnu99;
				GCC_WARN_64_TO_32_BIT_CONVERSION = YES;
				GCC_WARN_ABOUT_RETURN_TYPE = YES_ERROR;
				GCC_WARN_UNDECLARED_SELECTOR = YES;
				GCC_WARN_UNINITIALIZED_AUTOS = YES_AGGRESSIVE;
				GCC_WARN_UNUSED_FUNCTION = YES;
				GCC_WARN_UNUSED_VARIABLE = YES;
				IPHONEOS_DEPLOYMENT_TARGET = 7.1;
				SDKROOT = iphoneos;
				VALIDATE_PRODUCT = YES;
			};
			name = Release;
		};
		88AE8662190710690038E589 /* Debug */ = {
			isa = XCBuildConfiguration;
			buildSettings = {
				ASSETCATALOG_COMPILER_APPICON_NAME = AppIcon;
				ASSETCATALOG_COMPILER_LAUNCHIMAGE_NAME = LaunchImage;
				GCC_PRECOMPILE_PREFIX_HEADER = YES;
				GCC_PREFIX_HEADER = "WMLOG/WMLOG-Prefix.pch";
				INFOPLIST_FILE = "WMLOG/WMLOG-Info.plist";
				PRODUCT_NAME = "$(TARGET_NAME)";
				WRAPPER_EXTENSION = app;
			};
			name = Debug;
		};
		88AE8663190710690038E589 /* Release */ = {
			isa = XCBuildConfiguration;
			buildSettings = {
				ASSETCATALOG_COMPILER_APPICON_NAME = AppIcon;
				ASSETCATALOG_COMPILER_LAUNCHIMAGE_NAME = LaunchImage;
				GCC_PRECOMPILE_PREFIX_HEADER = YES;
				GCC_PREFIX_HEADER = "WMLOG/WMLOG-Prefix.pch";
				INFOPLIST_FILE = "WMLOG/WMLOG-Info.plist";
				PRODUCT_NAME = "$(TARGET_NAME)";
				WRAPPER_EXTENSION = app;
			};
			name = Release;
		};
		88AE8665190710690038E589 /* Debug */ = {
			isa = XCBuildConfiguration;
			buildSettings = {
				BUNDLE_LOADER = "$(BUILT_PRODUCTS_DIR)/WMLOG.app/WMLOG";
				FRAMEWORK_SEARCH_PATHS = (
					"$(SDKROOT)/Developer/Library/Frameworks",
					"$(inherited)",
					"$(DEVELOPER_FRAMEWORKS_DIR)",
				);
				GCC_PRECOMPILE_PREFIX_HEADER = YES;
				GCC_PREFIX_HEADER = "WMLOG/WMLOG-Prefix.pch";
				GCC_PREPROCESSOR_DEFINITIONS = (
					"DEBUG=1",
					"$(inherited)",
				);
				INFOPLIST_FILE = "WMLOGTests/WMLOGTests-Info.plist";
				PRODUCT_NAME = "$(TARGET_NAME)";
				TEST_HOST = "$(BUNDLE_LOADER)";
				WRAPPER_EXTENSION = xctest;
			};
			name = Debug;
		};
		88AE8666190710690038E589 /* Release */ = {
			isa = XCBuildConfiguration;
			buildSettings = {
				BUNDLE_LOADER = "$(BUILT_PRODUCTS_DIR)/WMLOG.app/WMLOG";
				FRAMEWORK_SEARCH_PATHS = (
					"$(SDKROOT)/Developer/Library/Frameworks",
					"$(inherited)",
					"$(DEVELOPER_FRAMEWORKS_DIR)",
				);
				GCC_PRECOMPILE_PREFIX_HEADER = YES;
				GCC_PREFIX_HEADER = "WMLOG/WMLOG-Prefix.pch";
				INFOPLIST_FILE = "WMLOGTests/WMLOGTests-Info.plist";
				PRODUCT_NAME = "$(TARGET_NAME)";
				TEST_HOST = "$(BUNDLE_LOADER)";
				WRAPPER_EXTENSION = xctest;
			};
			name = Release;
		};
/* End XCBuildConfiguration section */

/* Begin XCConfigurationList section */
		88AE8630190710690038E589 /* Build configuration list for PBXProject "WMLOG" */ = {
			isa = XCConfigurationList;
			buildConfigurations = (
				88AE865F190710690038E589 /* Debug */,
				88AE8660190710690038E589 /* Release */,
			);
			defaultConfigurationIsVisible = 0;
			defaultConfigurationName = Release;
		};
		88AE8661190710690038E589 /* Build configuration list for PBXNativeTarget "WMLOG" */ = {
			isa = XCConfigurationList;
			buildConfigurations = (
				88AE8662190710690038E589 /* Debug */,
				88AE8663190710690038E589 /* Release */,
			);
			defaultConfigurationIsVisible = 0;
			defaultConfigurationName = Release;
		};
		88AE8664190710690038E589 /* Build configuration list for PBXNativeTarget "WMLOGTests" */ = {
			isa = XCConfigurationList;
			buildConfigurations = (
				88AE8665190710690038E589 /* Debug */,
				88AE8666190710690038E589 /* Release */,
			);
			defaultConfigurationIsVisible = 0;
			defaultConfigurationName = Release;
		};
/* End XCConfigurationList section */
	};
	rootObject = 88AE862D190710690038E589 /* Project object */;
}
